Microsoft Visual Studio Solution File, Format Version 12.00
# Visual Studio Version 17
VisualStudioVersion = 17.5.2.0
MinimumVisualStudioVersion = 10.0.40219.1
Project("{FAE04EC0-301F-11D3-BF4B-00C04F79EFBC}") = "FlySharp", "FlySharp\FlySharp.csproj", "{3FAD1125-9B9B-CF30-0393-9E9BE737EC36}"
EndProject
Global
	GlobalSection(SolutionConfigurationPlatforms) = preSolution
		Debug|Any CPU = Debug|Any CPU
		Release|Any CPU = Release|Any CPU
	EndGlobalSection
	GlobalSection(ProjectConfigurationPlatforms) = postSolution
		{3FAD1125-9B9B-CF30-0393-9E9BE737EC36}.Debug|Any CPU.ActiveCfg = Debug|Any CPU
		{3FAD1125-9B9B-CF30-0393-9E9BE737EC36}.Debug|Any CPU.Build.0 = Debug|Any CPU
		{3FAD1125-9B9B-CF30-0393-9E9BE737EC36}.Release|Any CPU.ActiveCfg = Release|Any CPU
		{3FAD1125-9B9B-CF30-0393-9E9BE737EC36}.Release|Any CPU.Build.0 = Release|Any CPU
	EndGlobalSection
	GlobalSection(SolutionProperties) = preSolution
		HideSolutionNode = FALSE
	EndGlobalSection
	GlobalSection(ExtensibilityGlobals) = postSolution
		SolutionGuid = {8BC4042C-59F1-4548-8DED-224056CCF238}
	EndGlobalSection
EndGlobal
